dependencies:
- name: cloudnative-pg
  repository: https://cloudnative-pg.github.io/charts
  version: 0.28.0
- name: cluster
  repository: https://cloudnative-pg.github.io/charts
  version: 0.6.0
digest: sha256:d2bb5697717d12851ac1b8aa34ccba4db8e71cd4fe31c7475b3d86aec413e60e
generated: "2026-05-09T18:28:19.234845573+08:00"
